
Microsoft Visual Studio Solution File, Format Version 12.00
# Visual Studio Version 17
VisualStudioVersion = 17.0.31903.59
MinimumVisualStudioVersion = 10.0.40219.1
Project("{9A19103F-16F7-4668-BE54-9A1E7A4F7556}") = "FYP", "FYP\FYP.csproj", "{A8C056BF-712A-4AC6-BF6B-E2B0E1CB8081}"
EndProject
Global
	GlobalSection(SolutionConfigurationPlatforms) = preSolution
		Debug|Any CPU = Debug|Any CPU
		Release|Any CPU = Release|Any CPU
	EndGlobalSection
	GlobalSection(ProjectConfigurationPlatforms) = postSolution
		{A8C056BF-712A-4AC6-BF6B-E2B0E1CB8081}.Debug|Any CPU.ActiveCfg = Debug|Any CPU
		{A8C056BF-712A-4AC6-BF6B-E2B0E1CB8081}.Debug|Any CPU.Build.0 = Debug|Any CPU
		{A8C056BF-712A-4AC6-BF6B-E2B0E1CB8081}.Release|Any CPU.ActiveCfg = Release|Any CPU
		{A8C056BF-712A-4AC6-BF6B-E2B0E1CB8081}.Release|Any CPU.Build.0 = Release|Any CPU
	EndGlobalSection
	GlobalSection(SolutionProperties) = preSolution
		HideSolutionNode = FALSE
	EndGlobalSection
	GlobalSection(ExtensibilityGlobals) = postSolution
		SolutionGuid = {0D04EE8D-499B-4E74-8AE1-7DD43BE00985}
	EndGlobalSection
EndGlobal
