
Microsoft Visual Studio Solution File, Format Version 12.00
# Visual Studio Version 17
VisualStudioVersion = 17.0.31903.59
MinimumVisualStudioVersion = 10.0.40219.1
Project("{9A19103F-16F7-4668-BE54-9A1E7A4F7556}") = "Lesson01", "Lesson01\Lesson01.csproj", "{B626F9FB-CECA-4E1F-AA5D-63B9DCF16160}"
EndProject
Project("{9A19103F-16F7-4668-BE54-9A1E7A4F7556}") = "Lesson02", "Lesson02\Lesson02.csproj", "{96CED05A-DFE0-45FA-A2AD-D57A04A79291}"
EndProject
Project("{9A19103F-16F7-4668-BE54-9A1E7A4F7556}") = "Lesson03", "Lesson03\Lesson03.csproj", "{EE92EF45-7B87-4BB8-8B2D-3AE0227B23B1}"
EndProject
Project("{9A19103F-16F7-4668-BE54-9A1E7A4F7556}") = "Lesson04", "Lesson04\Lesson04.csproj", "{D9F43459-9B42-4D83-8681-30733C91DA7D}"
EndProject
Project("{9A19103F-16F7-4668-BE54-9A1E7A4F7556}") = "Lesson05", "Lesson05\Lesson05.csproj", "{33C53656-B950-42CC-A4BB-1B3A2A9C4AFD}"
EndProject
Project("{9A19103F-16F7-4668-BE54-9A1E7A4F7556}") = "Lesson06", "Lesson06\Lesson06.csproj", "{C8512551-FBE6-4166-B967-6E8A9DC9595B}"
EndProject
Project("{9A19103F-16F7-4668-BE54-9A1E7A4F7556}") = "Lesson07", "Lesson07\Lesson07.csproj", "{83F0F17D-454C-4FBE-A946-28400004DD05}"
EndProject
Project("{9A19103F-16F7-4668-BE54-9A1E7A4F7556}") = "Lesson08", "Lesson08\Lesson08.csproj", "{CAC54447-DEE5-4016-9BF5-7D53C9872E9A}"
EndProject
Project("{9A19103F-16F7-4668-BE54-9A1E7A4F7556}") = "Lesson09", "Lesson09\Lesson09.csproj", "{16D5E215-EEBC-4131-92B8-5FC1C1C28D82}"
EndProject
Project("{9A19103F-16F7-4668-BE54-9A1E7A4F7556}") = "Lesson10", "Lesson10\Lesson10.csproj", "{B7D04050-EC21-472F-96A9-A4B565BB35B0}"
EndProject
Project("{9A19103F-16F7-4668-BE54-9A1E7A4F7556}") = "Lesson11", "Lesson11\Lesson11.csproj", "{E2DF8EEA-8C90-47F1-AF42-541B63B67905}"
EndProject
Project("{9A19103F-16F7-4668-BE54-9A1E7A4F7556}") = "Lesson12", "Lesson12\Lesson12.csproj", "{2AC15E10-7917-46FB-A48A-926A803CECE8}"
EndProject
Project("{9A19103F-16F7-4668-BE54-9A1E7A4F7556}") = "Lesson13", "Lesson13\Lesson13.csproj", "{7D737C67-AF79-4D7B-AD73-87085D19984F}"
EndProject
Project("{9A19103F-16F7-4668-BE54-9A1E7A4F7556}") = "CaseStudy", "CaseStudy\CaseStudy.csproj", "{C934E12B-4D84-46AB-8ECC-C4F2F524A5CB}"
EndProject
Project("{FAE04EC0-301F-11D3-BF4B-00C04F79EFBC}") = "FYP", "FYP\FYP.csproj", "{A8C056BF-712A-4AC6-BF6B-E2B0E1CB8081}"
EndProject
Global
	GlobalSection(SolutionConfigurationPlatforms) = preSolution
		Debug|Any CPU = Debug|Any CPU
		Release|Any CPU = Release|Any CPU
	EndGlobalSection
	GlobalSection(ProjectConfigurationPlatforms) = postSolution
		{B626F9FB-CECA-4E1F-AA5D-63B9DCF16160}.Debug|Any CPU.ActiveCfg = Debug|Any CPU
		{B626F9FB-CECA-4E1F-AA5D-63B9DCF16160}.Debug|Any CPU.Build.0 = Debug|Any CPU
		{B626F9FB-CECA-4E1F-AA5D-63B9DCF16160}.Release|Any CPU.ActiveCfg = Release|Any CPU
		{B626F9FB-CECA-4E1F-AA5D-63B9DCF16160}.Release|Any CPU.Build.0 = Release|Any CPU
		{96CED05A-DFE0-45FA-A2AD-D57A04A79291}.Debug|Any CPU.ActiveCfg = Debug|Any CPU
		{96CED05A-DFE0-45FA-A2AD-D57A04A79291}.Debug|Any CPU.Build.0 = Debug|Any CPU
		{96CED05A-DFE0-45FA-A2AD-D57A04A79291}.Release|Any CPU.ActiveCfg = Release|Any CPU
		{96CED05A-DFE0-45FA-A2AD-D57A04A79291}.Release|Any CPU.Build.0 = Release|Any CPU
		{EE92EF45-7B87-4BB8-8B2D-3AE0227B23B1}.Debug|Any CPU.ActiveCfg = Debug|Any CPU
		{EE92EF45-7B87-4BB8-8B2D-3AE0227B23B1}.Debug|Any CPU.Build.0 = Debug|Any CPU
		{EE92EF45-7B87-4BB8-8B2D-3AE0227B23B1}.Release|Any CPU.ActiveCfg = Release|Any CPU
		{EE92EF45-7B87-4BB8-8B2D-3AE0227B23B1}.Release|Any CPU.Build.0 = Release|Any CPU
		{D9F43459-9B42-4D83-8681-30733C91DA7D}.Debug|Any CPU.ActiveCfg = Debug|Any CPU
		{D9F43459-9B42-4D83-8681-30733C91DA7D}.Debug|Any CPU.Build.0 = Debug|Any CPU
		{D9F43459-9B42-4D83-8681-30733C91DA7D}.Release|Any CPU.ActiveCfg = Release|Any CPU
		{D9F43459-9B42-4D83-8681-30733C91DA7D}.Release|Any CPU.Build.0 = Release|Any CPU
		{33C53656-B950-42CC-A4BB-1B3A2A9C4AFD}.Debug|Any CPU.ActiveCfg = Debug|Any CPU
		{33C53656-B950-42CC-A4BB-1B3A2A9C4AFD}.Debug|Any CPU.Build.0 = Debug|Any CPU
		{33C53656-B950-42CC-A4BB-1B3A2A9C4AFD}.Release|Any CPU.ActiveCfg = Release|Any CPU
		{33C53656-B950-42CC-A4BB-1B3A2A9C4AFD}.Release|Any CPU.Build.0 = Release|Any CPU
		{C8512551-FBE6-4166-B967-6E8A9DC9595B}.Debug|Any CPU.ActiveCfg = Debug|Any CPU
		{C8512551-FBE6-4166-B967-6E8A9DC9595B}.Debug|Any CPU.Build.0 = Debug|Any CPU
		{C8512551-FBE6-4166-B967-6E8A9DC9595B}.Release|Any CPU.ActiveCfg = Release|Any CPU
		{C8512551-FBE6-4166-B967-6E8A9DC9595B}.Release|Any CPU.Build.0 = Release|Any CPU
		{83F0F17D-454C-4FBE-A946-28400004DD05}.Debug|Any CPU.ActiveCfg = Debug|Any CPU
		{83F0F17D-454C-4FBE-A946-28400004DD05}.Debug|Any CPU.Build.0 = Debug|Any CPU
		{83F0F17D-454C-4FBE-A946-28400004DD05}.Release|Any CPU.ActiveCfg = Release|Any CPU
		{83F0F17D-454C-4FBE-A946-28400004DD05}.Release|Any CPU.Build.0 = Release|Any CPU
		{CAC54447-DEE5-4016-9BF5-7D53C9872E9A}.Debug|Any CPU.ActiveCfg = Debug|Any CPU
		{CAC54447-DEE5-4016-9BF5-7D53C9872E9A}.Debug|Any CPU.Build.0 = Debug|Any CPU
		{CAC54447-DEE5-4016-9BF5-7D53C9872E9A}.Release|Any CPU.ActiveCfg = Release|Any CPU
		{CAC54447-DEE5-4016-9BF5-7D53C9872E9A}.Release|Any CPU.Build.0 = Release|Any CPU
		{16D5E215-EEBC-4131-92B8-5FC1C1C28D82}.Debug|Any CPU.ActiveCfg = Debug|Any CPU
		{16D5E215-EEBC-4131-92B8-5FC1C1C28D82}.Debug|Any CPU.Build.0 = Debug|Any CPU
		{16D5E215-EEBC-4131-92B8-5FC1C1C28D82}.Release|Any CPU.ActiveCfg = Release|Any CPU
		{16D5E215-EEBC-4131-92B8-5FC1C1C28D82}.Release|Any CPU.Build.0 = Release|Any CPU
		{B7D04050-EC21-472F-96A9-A4B565BB35B0}.Debug|Any CPU.ActiveCfg = Debug|Any CPU
		{B7D04050-EC21-472F-96A9-A4B565BB35B0}.Debug|Any CPU.Build.0 = Debug|Any CPU
		{B7D04050-EC21-472F-96A9-A4B565BB35B0}.Release|Any CPU.ActiveCfg = Release|Any CPU
		{B7D04050-EC21-472F-96A9-A4B565BB35B0}.Release|Any CPU.Build.0 = Release|Any CPU
		{E2DF8EEA-8C90-47F1-AF42-541B63B67905}.Debug|Any CPU.ActiveCfg = Debug|Any CPU
		{E2DF8EEA-8C90-47F1-AF42-541B63B67905}.Debug|Any CPU.Build.0 = Debug|Any CPU
		{E2DF8EEA-8C90-47F1-AF42-541B63B67905}.Release|Any CPU.ActiveCfg = Release|Any CPU
		{E2DF8EEA-8C90-47F1-AF42-541B63B67905}.Release|Any CPU.Build.0 = Release|Any CPU
		{2AC15E10-7917-46FB-A48A-926A803CECE8}.Debug|Any CPU.ActiveCfg = Debug|Any CPU
		{2AC15E10-7917-46FB-A48A-926A803CECE8}.Debug|Any CPU.Build.0 = Debug|Any CPU
		{2AC15E10-7917-46FB-A48A-926A803CECE8}.Release|Any CPU.ActiveCfg = Release|Any CPU
		{2AC15E10-7917-46FB-A48A-926A803CECE8}.Release|Any CPU.Build.0 = Release|Any CPU
		{7D737C67-AF79-4D7B-AD73-87085D19984F}.Debug|Any CPU.ActiveCfg = Debug|Any CPU
		{7D737C67-AF79-4D7B-AD73-87085D19984F}.Debug|Any CPU.Build.0 = Debug|Any CPU
		{7D737C67-AF79-4D7B-AD73-87085D19984F}.Release|Any CPU.ActiveCfg = Release|Any CPU
		{7D737C67-AF79-4D7B-AD73-87085D19984F}.Release|Any CPU.Build.0 = Release|Any CPU
		{C934E12B-4D84-46AB-8ECC-C4F2F524A5CB}.Debug|Any CPU.ActiveCfg = Debug|Any CPU
		{C934E12B-4D84-46AB-8ECC-C4F2F524A5CB}.Debug|Any CPU.Build.0 = Debug|Any CPU
		{C934E12B-4D84-46AB-8ECC-C4F2F524A5CB}.Release|Any CPU.ActiveCfg = Release|Any CPU
		{C934E12B-4D84-46AB-8ECC-C4F2F524A5CB}.Release|Any CPU.Build.0 = Release|Any CPU
		{A8C056BF-712A-4AC6-BF6B-E2B0E1CB8081}.Debug|Any CPU.ActiveCfg = Debug|Any CPU
		{A8C056BF-712A-4AC6-BF6B-E2B0E1CB8081}.Debug|Any CPU.Build.0 = Debug|Any CPU
		{A8C056BF-712A-4AC6-BF6B-E2B0E1CB8081}.Release|Any CPU.ActiveCfg = Release|Any CPU
		{A8C056BF-712A-4AC6-BF6B-E2B0E1CB8081}.Release|Any CPU.Build.0 = Release|Any CPU
	EndGlobalSection
	GlobalSection(SolutionProperties) = preSolution
		HideSolutionNode = FALSE
	EndGlobalSection
	GlobalSection(ExtensibilityGlobals) = postSolution
		SolutionGuid = {0D04EE8D-499B-4E74-8AE1-7DD43BE00985}
	EndGlobalSection
EndGlobal
